{
    "_meta": {
        "hash": {
            "sha256": "6fe5be725dc24a7832fcdb72f1541324af3202ec15d2b7c537807d5f929250b4"
        },
        "pipfile-spec": 6,
        "requires": {
            "python_version": "3.14"
        },
        "sources": [
            {
                "name": "pypi",
                "url": "https://pypi.org/simple",
                "verify_ssl": true
            }
        ]
    },
    "default": {
        "asgiref": {
            "hashes": [
                "sha256:5f184dc43b7e763efe848065441eac62229c9f7b0475f41f80e207a114eda4ce",
                "sha256:e8667a091e69529631969fd45dc268fa79b99c92c5fcdda727757e52146ec133"
            ],
            "markers": "python_version >= '3.9'",
            "version": "==3.11.1"
        },
        "django": {
            "hashes": [
                "sha256:25148b1194c47c2e685e5f5e9c5d59c78b075dfd282cb9618861ba6c1708f4d2",
                "sha256:ad03916ba59523d781ae5c3f631960c23d69a9d9c43cecda52fc23b47e953713"
            ],
            "index": "pypi",
            "markers": "python_version >= '3.12'",
            "version": "==6.0.6"
        },
        "django-tailwind": {
            "hashes": [
                "sha256:0e4a2836cb36e8952700457d049fadb8743583017cef80fa3a374f8597c289f4",
                "sha256:b3a3eb2d22cbb8c17565898fb68ccedcf806542b04fe4107bdfec7035d582819"
            ],
            "index": "pypi",
            "markers": "python_version >= '3.11'",
            "version": "==4.4.2"
        },
        "pytailwindcss": {
            "hashes": [
                "sha256:1f71dd64020aacb40608dfe8725ca441c772016c344f757ccbc74b8b6143027d",
                "sha256:a9b770ad3c0a0f40073052bcfe81a060b550fed38af614a472f5aa7bb85fa8aa"
            ],
            "markers": "python_version >= '3.11' and python_version < '4.0'",
            "version": "==0.3.0"
        },
        "sqlparse": {
            "hashes": [
                "sha256:12a08b3bf3eec877c519589833aed092e2444e68240a3577e8e26148acc7b1ba",
                "sha256:e20d4a9b0b8585fdf63b10d30066c7c94c5d7a7ec47c889a2d83a3caa93ff28e"
            ],
            "markers": "python_version >= '3.8'",
            "version": "==0.5.5"
        },
        "tzdata": {
            "hashes": [
                "sha256:9173fde7d80d9018e02a662e168e5a2d04f87c41ea174b139fbef642eda62d10",
                "sha256:bbe9af844f658da81a5f95019480da3a89415801f6cc966806612cc7169bffe7"
            ],
            "markers": "python_version >= '2'",
            "version": "==2026.2"
        }
    },
    "develop": {}
}
