{
    "_meta": {
        "hash": {
            "sha256": "acb265c08f9c965eae0faa4e5259c9155e77b797342ee60c1ecd9af3c2a7b0e6"
        },
        "pipfile-spec": 6,
        "requires": {
            "python_version": "3.14"
        },
        "sources": [
            {
                "name": "pypi",
                "url": "https://pypi.org/simple",
                "verify_ssl": true
            }
        ]
    },
    "default": {
        "asgiref": {
            "hashes": [
                "sha256:5f184dc43b7e763efe848065441eac62229c9f7b0475f41f80e207a114eda4ce",
                "sha256:e8667a091e69529631969fd45dc268fa79b99c92c5fcdda727757e52146ec133"
            ],
            "markers": "python_version >= '3.9'",
            "version": "==3.11.1"
        },
        "django": {
            "hashes": [
                "sha256:25148b1194c47c2e685e5f5e9c5d59c78b075dfd282cb9618861ba6c1708f4d2",
                "sha256:ad03916ba59523d781ae5c3f631960c23d69a9d9c43cecda52fc23b47e953713"
            ],
            "index": "pypi",
            "markers": "python_version >= '3.12'",
            "version": "==6.0.6"
        },
        "django-tailwind": {
            "hashes": [
                "sha256:618314751e867e8871b1e06ed98c0b8beb762ac9b431f739647ad4d82ab8b125",
                "sha256:c4b40820663ac3932f6951b82b91e3773361a46d9bde972bc8a338eee3c5d045"
            ],
            "index": "pypi",
            "markers": "python_version >= '3.11'",
            "version": "==4.5.0"
        },
        "pytailwindcss": {
            "hashes": [
                "sha256:31583c5bb7fac66c6e6535992e51630e36788cf6e569f4d294e98962fa034535",
                "sha256:e83c65985f078ff91500f74bca595f615e54059d5afc90b233382e118b509b4d"
            ],
            "markers": "python_version >= '3.11'",
            "version": "==0.3.1"
        },
        "sqlparse": {
            "hashes": [
                "sha256:12a08b3bf3eec877c519589833aed092e2444e68240a3577e8e26148acc7b1ba",
                "sha256:e20d4a9b0b8585fdf63b10d30066c7c94c5d7a7ec47c889a2d83a3caa93ff28e"
            ],
            "markers": "python_version >= '3.8'",
            "version": "==0.5.5"
        },
        "tzdata": {
            "hashes": [
                "sha256:9173fde7d80d9018e02a662e168e5a2d04f87c41ea174b139fbef642eda62d10",
                "sha256:bbe9af844f658da81a5f95019480da3a89415801f6cc966806612cc7169bffe7"
            ],
            "markers": "python_version >= '2'",
            "version": "==2026.2"
        },
        "waitress": {
            "hashes": [
                "sha256:682aaaf2af0c44ada4abfb70ded36393f0e307f4ab9456a215ce0020baefc31f",
                "sha256:c56d67fd6e87c2ee598b76abdd4e96cfad1f24cacdea5078d382b1f9d7b5ed2e"
            ],
            "index": "pypi",
            "markers": "python_full_version >= '3.9.0'",
            "version": "==3.0.2"
        },
        "whitenoise": {
            "hashes": [
                "sha256:f723ebb76a112e98816ff80fcea0a6c9b8ecde835f8ddda25df7a30a3c2db6ad",
                "sha256:fc5e8c572e33ebf24795b47b6a7da8da3c00cff2349f5b04c02f28d0cc5a3cc2"
            ],
            "index": "pypi",
            "markers": "python_version >= '3.10'",
            "version": "==6.12.0"
        }
    },
    "develop": {
        "fnctl": {
            "hashes": [
                "sha256:0a3291ff4ecbbdf14e26662cd8beb3a1699d7db3b481307959c95c207f47765b",
                "sha256:23eead17fa2681aafb7574eba4bf4d49ee13e931a29f39dd3e88958959d3ba83"
            ],
            "index": "pypi",
            "markers": "python_version >= '3.8'",
            "version": "==0.1.2"
        }
    }
}
